
Microsoft Visual Studio Solution File, Format Version 12.00
# Visual Studio Version 17
VisualStudioVersion = 17.0.31903.59
MinimumVisualStudioVersion = 10.0.40219.1
Project("{2150E333-8FDC-42A3-9474-1A3956D46DE8}") = "src", "src", "{9B442DAB-6BBB-4B31-A271-A8ACBC9F0BAD}"
EndProject
Project("{FAE04EC0-301F-11D3-BF4B-00C04F79EFBC}") = "OpenFTTH.Installation", "src\OpenFTTH.Installation\OpenFTTH.Installation.csproj", "{30958E06-0348-4BDD-B7EC-5DA6941262E4}"
EndProject
Global
	GlobalSection(SolutionConfigurationPlatforms) = preSolution
		Debug|Any CPU = Debug|Any CPU
		Release|Any CPU = Release|Any CPU
	EndGlobalSection
	GlobalSection(SolutionProperties) = preSolution
		HideSolutionNode = FALSE
	EndGlobalSection
	GlobalSection(ProjectConfigurationPlatforms) = postSolution
		{30958E06-0348-4BDD-B7EC-5DA6941262E4}.Debug|Any CPU.ActiveCfg = Debug|Any CPU
		{30958E06-0348-4BDD-B7EC-5DA6941262E4}.Debug|Any CPU.Build.0 = Debug|Any CPU
		{30958E06-0348-4BDD-B7EC-5DA6941262E4}.Release|Any CPU.ActiveCfg = Release|Any CPU
		{30958E06-0348-4BDD-B7EC-5DA6941262E4}.Release|Any CPU.Build.0 = Release|Any CPU
	EndGlobalSection
	GlobalSection(NestedProjects) = preSolution
		{30958E06-0348-4BDD-B7EC-5DA6941262E4} = {9B442DAB-6BBB-4B31-A271-A8ACBC9F0BAD}
	EndGlobalSection
EndGlobal
